
Microsoft Visual Studio Solution File, Format Version 12.00
# Visual Studio Version 16
VisualStudioVersion = 16.0.31229.75
MinimumVisualStudioVersion = 10.0.40219.1
Project("{FAE04EC0-301F-11D3-BF4B-00C04F79EFBC}") = "Meirmanova_HW6_DB", "Meirmanova_HW6_DB\Meirmanova_HW6_DB.csproj", "{15B6F83B-6259-4202-9C93-5CF3F504086D}"
EndProject
Global
	GlobalSection(SolutionConfigurationPlatforms) = preSolution
		Debug|Any CPU = Debug|Any CPU
		Release|Any CPU = Release|Any CPU
	EndGlobalSection
	GlobalSection(ProjectConfigurationPlatforms) = postSolution
		{15B6F83B-6259-4202-9C93-5CF3F504086D}.Debug|Any CPU.ActiveCfg = Debug|Any CPU
		{15B6F83B-6259-4202-9C93-5CF3F504086D}.Debug|Any CPU.Build.0 = Debug|Any CPU
		{15B6F83B-6259-4202-9C93-5CF3F504086D}.Release|Any CPU.ActiveCfg = Release|Any CPU
		{15B6F83B-6259-4202-9C93-5CF3F504086D}.Release|Any CPU.Build.0 = Release|Any CPU
	EndGlobalSection
	GlobalSection(SolutionProperties) = preSolution
		HideSolutionNode = FALSE
	EndGlobalSection
	GlobalSection(ExtensibilityGlobals) = postSolution
		SolutionGuid = {8C26686E-D042-470D-9E16-D2C66CBAB311}
	EndGlobalSection
EndGlobal
